
Microsoft Visual Studio Solution File, Format Version 12.00
# Visual Studio Version 16
VisualStudioVersion = 16.0.30717.126
MinimumVisualStudioVersion = 10.0.40219.1
Project("{9A19103F-16F7-4668-BE54-9A1E7A4F7556}") = "ComicStripDownloader", "ComicStripDownloader.csproj", "{24C7991C-4D61-4243-A622-F4C13B0A47B2}"
EndProject
Project("{2150E333-8FDC-42A3-9474-1A3956D46DE8}") = "demo", "demo", "{55B59C21-17FA-498C-BA48-638540AC1AFD}"
EndProject
Project("{FAE04EC0-301F-11D3-BF4B-00C04F79EFBC}") = "ConsoleAppComicStripDownloader", "..\..\demo\ConsoleAppComicStripDownloader\ConsoleAppComicStripDownloader.csproj", "{1ECC207F-122F-4B18-8F2C-547A21278B6E}"
EndProject
Global
	GlobalSection(SolutionConfigurationPlatforms) = preSolution
		Debug|Any CPU = Debug|Any CPU
		Release|Any CPU = Release|Any CPU
	EndGlobalSection
	GlobalSection(ProjectConfigurationPlatforms) = postSolution
		{24C7991C-4D61-4243-A622-F4C13B0A47B2}.Debug|Any CPU.ActiveCfg = Debug|Any CPU
		{24C7991C-4D61-4243-A622-F4C13B0A47B2}.Debug|Any CPU.Build.0 = Debug|Any CPU
		{24C7991C-4D61-4243-A622-F4C13B0A47B2}.Release|Any CPU.ActiveCfg = Release|Any CPU
		{24C7991C-4D61-4243-A622-F4C13B0A47B2}.Release|Any CPU.Build.0 = Release|Any CPU
		{1ECC207F-122F-4B18-8F2C-547A21278B6E}.Debug|Any CPU.ActiveCfg = Debug|Any CPU
		{1ECC207F-122F-4B18-8F2C-547A21278B6E}.Debug|Any CPU.Build.0 = Debug|Any CPU
		{1ECC207F-122F-4B18-8F2C-547A21278B6E}.Release|Any CPU.ActiveCfg = Release|Any CPU
		{1ECC207F-122F-4B18-8F2C-547A21278B6E}.Release|Any CPU.Build.0 = Release|Any CPU
	EndGlobalSection
	GlobalSection(SolutionProperties) = preSolution
		HideSolutionNode = FALSE
	EndGlobalSection
	GlobalSection(NestedProjects) = preSolution
		{1ECC207F-122F-4B18-8F2C-547A21278B6E} = {55B59C21-17FA-498C-BA48-638540AC1AFD}
	EndGlobalSection
	GlobalSection(ExtensibilityGlobals) = postSolution
		SolutionGuid = {EB2844C2-5133-4DDF-9A56-61DE6AB040A2}
	EndGlobalSection
EndGlobal
